
Microsoft Visual Studio Solution File, Format Version 12.00
# Visual Studio Version 16
VisualStudioVersion = 16.0.30309.148
MinimumVisualStudioVersion = 10.0.40219.1
Project("{9A19103F-16F7-4668-BE54-9A1E7A4F7556}") = "hackerrank", "hackerrank\hackerrank.csproj", "{B5476551-5E8A-4E3F-B840-B49430CBC650}"
EndProject
Project("{9A19103F-16F7-4668-BE54-9A1E7A4F7556}") = "JumpingOnTheClouds", "JumpingOnTheClouds\JumpingOnTheClouds.csproj", "{20D2331F-718C-4444-9CEF-78E529199463}"
EndProject
Project("{FAE04EC0-301F-11D3-BF4B-00C04F79EFBC}") = "repeatedString", "repeatedString\repeatedString.csproj", "{C9C14A79-7F3F-40C5-98B3-A58EE80EE5B3}"
EndProject
Project("{FAE04EC0-301F-11D3-BF4B-00C04F79EFBC}") = "simpleTest", "simpleTest\simpleTest.csproj", "{BDA1E5B4-199D-49D3-A44E-AF38BDDE46E2}"
EndProject
Project("{FAE04EC0-301F-11D3-BF4B-00C04F79EFBC}") = "SalesByMath", "SalesByMath\SalesByMath.csproj", "{6656E686-6226-4CA4-B0D9-32D0F7A3837C}"
EndProject
Project("{FAE04EC0-301F-11D3-BF4B-00C04F79EFBC}") = "2DArrays", "2DArrays\2DArrays.csproj", "{7DFCC78D-33D5-410A-AC9A-2A8DAC69428B}"
EndProject
Project("{FAE04EC0-301F-11D3-BF4B-00C04F79EFBC}") = "ArraysLeftRotation", "ArraysLeftRotation\ArraysLeftRotation.csproj", "{A6F2485A-7D1E-4897-8C65-BBE2CAC96650}"
EndProject
Global
	GlobalSection(SolutionConfigurationPlatforms) = preSolution
		Debug|Any CPU = Debug|Any CPU
		Release|Any CPU = Release|Any CPU
	EndGlobalSection
	GlobalSection(ProjectConfigurationPlatforms) = postSolution
		{B5476551-5E8A-4E3F-B840-B49430CBC650}.Debug|Any CPU.ActiveCfg = Debug|Any CPU
		{B5476551-5E8A-4E3F-B840-B49430CBC650}.Debug|Any CPU.Build.0 = Debug|Any CPU
		{B5476551-5E8A-4E3F-B840-B49430CBC650}.Release|Any CPU.ActiveCfg = Release|Any CPU
		{B5476551-5E8A-4E3F-B840-B49430CBC650}.Release|Any CPU.Build.0 = Release|Any CPU
		{20D2331F-718C-4444-9CEF-78E529199463}.Debug|Any CPU.ActiveCfg = Debug|Any CPU
		{20D2331F-718C-4444-9CEF-78E529199463}.Debug|Any CPU.Build.0 = Debug|Any CPU
		{20D2331F-718C-4444-9CEF-78E529199463}.Release|Any CPU.ActiveCfg = Release|Any CPU
		{20D2331F-718C-4444-9CEF-78E529199463}.Release|Any CPU.Build.0 = Release|Any CPU
		{C9C14A79-7F3F-40C5-98B3-A58EE80EE5B3}.Debug|Any CPU.ActiveCfg = Debug|Any CPU
		{C9C14A79-7F3F-40C5-98B3-A58EE80EE5B3}.Debug|Any CPU.Build.0 = Debug|Any CPU
		{C9C14A79-7F3F-40C5-98B3-A58EE80EE5B3}.Release|Any CPU.ActiveCfg = Release|Any CPU
		{C9C14A79-7F3F-40C5-98B3-A58EE80EE5B3}.Release|Any CPU.Build.0 = Release|Any CPU
		{BDA1E5B4-199D-49D3-A44E-AF38BDDE46E2}.Debug|Any CPU.ActiveCfg = Debug|Any CPU
		{BDA1E5B4-199D-49D3-A44E-AF38BDDE46E2}.Debug|Any CPU.Build.0 = Debug|Any CPU
		{BDA1E5B4-199D-49D3-A44E-AF38BDDE46E2}.Release|Any CPU.ActiveCfg = Release|Any CPU
		{BDA1E5B4-199D-49D3-A44E-AF38BDDE46E2}.Release|Any CPU.Build.0 = Release|Any CPU
		{6656E686-6226-4CA4-B0D9-32D0F7A3837C}.Debug|Any CPU.ActiveCfg = Debug|Any CPU
		{6656E686-6226-4CA4-B0D9-32D0F7A3837C}.Debug|Any CPU.Build.0 = Debug|Any CPU
		{6656E686-6226-4CA4-B0D9-32D0F7A3837C}.Release|Any CPU.ActiveCfg = Release|Any CPU
		{6656E686-6226-4CA4-B0D9-32D0F7A3837C}.Release|Any CPU.Build.0 = Release|Any CPU
		{7DFCC78D-33D5-410A-AC9A-2A8DAC69428B}.Debug|Any CPU.ActiveCfg = Debug|Any CPU
		{7DFCC78D-33D5-410A-AC9A-2A8DAC69428B}.Debug|Any CPU.Build.0 = Debug|Any CPU
		{7DFCC78D-33D5-410A-AC9A-2A8DAC69428B}.Release|Any CPU.ActiveCfg = Release|Any CPU
		{7DFCC78D-33D5-410A-AC9A-2A8DAC69428B}.Release|Any CPU.Build.0 = Release|Any CPU
		{A6F2485A-7D1E-4897-8C65-BBE2CAC96650}.Debug|Any CPU.ActiveCfg = Debug|Any CPU
		{A6F2485A-7D1E-4897-8C65-BBE2CAC96650}.Debug|Any CPU.Build.0 = Debug|Any CPU
		{A6F2485A-7D1E-4897-8C65-BBE2CAC96650}.Release|Any CPU.ActiveCfg = Release|Any CPU
		{A6F2485A-7D1E-4897-8C65-BBE2CAC96650}.Release|Any CPU.Build.0 = Release|Any CPU
	EndGlobalSection
	GlobalSection(SolutionProperties) = preSolution
		HideSolutionNode = FALSE
	EndGlobalSection
	GlobalSection(ExtensibilityGlobals) = postSolution
		SolutionGuid = {5F0EDB9B-0EBC-4D76-8A66-CAAAC1A25BCC}
	EndGlobalSection
EndGlobal
